// !$*UTF8*$!
{
	archiveVersion = 1;
	classes = {
	};
	objectVersion = 50;
	objects = {

/* Begin PBXBuildFile section */
		D1029B7B2164262E00A85C77 /* AppDelegate.swift in Sources */ = {isa = PBXBuildFile; fileRef = D1029B7A2164262E00A85C77 /* AppDelegate.swift */; };
		D1029B7D2164262E00A85C77 /* ViewController.swift in Sources */ = {isa = PBXBuildFile; fileRef = D1029B7C2164262E00A85C77 /* ViewController.swift */; };
		D1029B802164262E00A85C77 /* Main.storyboard in Resources */ = {isa = PBXBuildFile; fileRef = D1029B7E2164262E00A85C77 /* Main.storyboard */; };
		D1029B822164263F00A85C77 /* Assets.xcassets in Resources */ = {isa = PBXBuildFile; fileRef = D1029B812164263F00A85C77 /* Assets.xcassets */; };
		D1029B852164263F00A85C77 /* LaunchScreen.storyboard in Resources */ = {isa = PBXBuildFile; fileRef = D1029B832164263F00A85C77 /* LaunchScreen.storyboard */; };
		D1029B9021642A4500A85C77 /* Pyetja.swift in Sources */ = {isa = PBXBuildFile; fileRef = D1029B8F21642A4500A85C77 /* Pyetja.swift */; };
		D1029B9221642AE500A85C77 /* PyetjaDB.swift in Sources */ = {isa = PBXBuildFile; fileRef = D1029B9121642AE500A85C77 /* PyetjaDB.swift */; };
		E9CE5DD9ED08040CB6C573F0 /* Pods_Quiz.framework in Frameworks */ = {isa = PBXBuildFile; fileRef = AF3BABD3F9119A97957DDEBD /* Pods_Quiz.framework */; };
/* End PBXBuildFile section */

/* Begin PBXFileReference section */
		833DDA339632267F50DE35E1 /* Pods-Quiz.release.xcconfig */ = {isa = PBXFileReference; includeInIndex = 1; lastKnownFileType = text.xcconfig; name = "Pods-Quiz.release.xcconfig"; path = "Pods/Target Support Files/Pods-Quiz/Pods-Quiz.release.xcconfig"; sourceTree = "<group>"; };
		AF3BABD3F9119A97957DDEBD /* Pods_Quiz.framework */ = {isa = PBXFileReference; explicitFileType = wrapper.framework; includeInIndex = 0; path = Pods_Quiz.framework; sourceTree = BUILT_PRODUCTS_DIR; };
		D1029B772164262E00A85C77 /* Quiz.app */ = {isa = PBXFileReference; explicitFileType = wrapper.application; includeInIndex = 0; path = Quiz.app; sourceTree = BUILT_PRODUCTS_DIR; };
		D1029B7A2164262E00A85C77 /* AppDelegate.swift */ = {isa = PBXFileReference; lastKnownFileType = sourcecode.swift; path = AppDelegate.swift; sourceTree = "<group>"; };
		D1029B7C2164262E00A85C77 /* ViewController.swift */ = {isa = PBXFileReference; lastKnownFileType = sourcecode.swift; path = ViewController.swift; sourceTree = "<group>"; };
		D1029B7F2164262E00A85C77 /* Base */ = {isa = PBXFileReference; lastKnownFileType = file.storyboard; name = Base; path = Base.lproj/Main.storyboard; sourceTree = "<group>"; };
		D1029B812164263F00A85C77 /* Assets.xcassets */ = {isa = PBXFileReference; lastKnownFileType = folder.assetcatalog; path = Assets.xcassets; sourceTree = "<group>"; };
		D1029B842164263F00A85C77 /* Base */ = {isa = PBXFileReference; lastKnownFileType = file.storyboard; name = Base; path = Base.lproj/LaunchScreen.storyboard; sourceTree = "<group>"; };
		D1029B862164263F00A85C77 /* Info.plist */ = {isa = PBXFileReference; lastKnownFileType = text.plist.xml; path = Info.plist; sourceTree = "<group>"; };
		D1029B8F21642A4500A85C77 /* Pyetja.swift */ = {isa = PBXFileReference; lastKnownFileType = sourcecode.swift; path = Pyetja.swift; sourceTree = "<group>"; };
		D1029B9121642AE500A85C77 /* PyetjaDB.swift */ = {isa = PBXFileReference; lastKnownFileType = sourcecode.swift; path = PyetjaDB.swift; sourceTree = "<group>"; };
		E516F8BCC6DB0FF20230F0C3 /* Pods-Quiz.debug.xcconfig */ = {isa = PBXFileReference; includeInIndex = 1; lastKnownFileType = text.xcconfig; name = "Pods-Quiz.debug.xcconfig"; path = "Pods/Target Support Files/Pods-Quiz/Pods-Quiz.debug.xcconfig"; sourceTree = "<group>"; };
/* End PBXFileReference section */

/* Begin PBXFrameworksBuildPhase section */
		D1029B742164262E00A85C77 /* Frameworks */ = {
			isa = PBXFrameworksBuildPhase;
			buildActionMask = 2147483647;
			files = (
				E9CE5DD9ED08040CB6C573F0 /* Pods_Quiz.framework in Frameworks */,
			);
			runOnlyForDeploymentPostprocessing = 0;
		};
/* End PBXFrameworksBuildPhase section */

/* Begin PBXGroup section */
		B6FC9CFA4836E2936DA7A35C /* Pods */ = {
			isa = PBXGroup;
			children = (
				E516F8BCC6DB0FF20230F0C3 /* Pods-Quiz.debug.xcconfig */,
				833DDA339632267F50DE35E1 /* Pods-Quiz.release.xcconfig */,
			);
			name = Pods;
			sourceTree = "<group>";
		};
		D1029B6E2164262D00A85C77 = {
			isa = PBXGroup;
			children = (
				D1029B792164262E00A85C77 /* Quiz */,
				D1029B782164262E00A85C77 /* Products */,
				B6FC9CFA4836E2936DA7A35C /* Pods */,
				E290DD75B294C7E2CEC395DF /* Frameworks */,
			);
			sourceTree = "<group>";
		};
		D1029B782164262E00A85C77 /* Products */ = {
			isa = PBXGroup;
			children = (
				D1029B772164262E00A85C77 /* Quiz.app */,
			);
			name = Products;
			sourceTree = "<group>";
		};
		D1029B792164262E00A85C77 /* Quiz */ = {
			isa = PBXGroup;
			children = (
				D1029B8E2164269000A85C77 /* Model */,
				D1029B8D2164268500A85C77 /* View */,
				D1029B8C2164265C00A85C77 /* Controller */,
				D1029B862164263F00A85C77 /* Info.plist */,
			);
			path = Quiz;
			sourceTree = "<group>";
		};
		D1029B8C2164265C00A85C77 /* Controller */ = {
			isa = PBXGroup;
			children = (
				D1029B7A2164262E00A85C77 /* AppDelegate.swift */,
				D1029B7C2164262E00A85C77 /* ViewController.swift */,
			);
			name = Controller;
			sourceTree = "<group>";
		};
		D1029B8D2164268500A85C77 /* View */ = {
			isa = PBXGroup;
			children = (
				D1029B832164263F00A85C77 /* LaunchScreen.storyboard */,
				D1029B812164263F00A85C77 /* Assets.xcassets */,
				D1029B7E2164262E00A85C77 /* Main.storyboard */,
			);
			path = View;
			sourceTree = "<group>";
		};
		D1029B8E2164269000A85C77 /* Model */ = {
			isa = PBXGroup;
			children = (
				D1029B8F21642A4500A85C77 /* Pyetja.swift */,
				D1029B9121642AE500A85C77 /* PyetjaDB.swift */,
			);
			name = Model;
			sourceTree = "<group>";
		};
		E290DD75B294C7E2CEC395DF /* Frameworks */ = {
			isa = PBXGroup;
			children = (
				AF3BABD3F9119A97957DDEBD /* Pods_Quiz.framework */,
			);
			name = Frameworks;
			sourceTree = "<group>";
		};
/* End PBXGroup section */

/* Begin PBXNativeTarget section */
		D1029B762164262E00A85C77 /* Quiz */ = {
			isa = PBXNativeTarget;
			buildConfigurationList = D1029B892164263F00A85C77 /* Build configuration list for PBXNativeTarget "Quiz" */;
			buildPhases = (
				29D134CF39C4660C5DDB8B6E /* [CP] Check Pods Manifest.lock */,
				D1029B732164262E00A85C77 /* Sources */,
				D1029B742164262E00A85C77 /* Frameworks */,
				D1029B752164262E00A85C77 /* Resources */,
				E0979F6A852B17CB0D03D744 /* [CP] Embed Pods Frameworks */,
			);
			buildRules = (
			);
			dependencies = (
			);
			name = Quiz;
			productName = Quiz;
			productReference = D1029B772164262E00A85C77 /* Quiz.app */;
			productType = "com.apple.product-type.application";
		};
/* End PBXNativeTarget section */

/* Begin PBXProject section */
		D1029B6F2164262D00A85C77 /* Project object */ = {
			isa = PBXProject;
			attributes = {
				LastSwiftUpdateCheck = 1000;
				LastUpgradeCheck = 1000;
				ORGANIZATIONNAME = "Hektor Kastrati";
				TargetAttributes = {
					D1029B762164262E00A85C77 = {
						CreatedOnToolsVersion = 10.0;
					};
				};
			};
			buildConfigurationList = D1029B722164262D00A85C77 /* Build configuration list for PBXProject "Quiz" */;
			compatibilityVersion = "Xcode 9.3";
			developmentRegion = en;
			hasScannedForEncodings = 0;
			knownRegions = (
				en,
				Base,
			);
			mainGroup = D1029B6E2164262D00A85C77;
			productRefGroup = D1029B782164262E00A85C77 /* Products */;
			projectDirPath = "";
			projectRoot = "";
			targets = (
				D1029B762164262E00A85C77 /* Quiz */,
			);
		};
/* End PBXProject section */

/* Begin PBXResourcesBuildPhase section */
		D1029B752164262E00A85C77 /* Resources */ = {
			isa = PBXResourcesBuildPhase;
			buildActionMask = 2147483647;
			files = (
				D1029B852164263F00A85C77 /* LaunchScreen.storyboard in Resources */,
				D1029B822164263F00A85C77 /* Assets.xcassets in Resources */,
				D1029B802164262E00A85C77 /* Main.storyboard in Resources */,
			);
			runOnlyForDeploymentPostprocessing = 0;
		};
/* End PBXResourcesBuildPhase section */

/* Begin PBXShellScriptBuildPhase section */
		29D134CF39C4660C5DDB8B6E /* [CP] Check Pods Manifest.lock */ = {
			isa = PBXShellScriptBuildPhase;
			buildActionMask = 2147483647;
			files = (
			);
			inputFileListPaths = (
			);
			inputPaths = (
				"${PODS_PODFILE_DIR_PATH}/Podfile.lock",
				"${PODS_ROOT}/Manifest.lock",
			);
			name = "[CP] Check Pods Manifest.lock";
			outputFileListPaths = (
			);
			outputPaths = (
				"$(DERIVED_FILE_DIR)/Pods-Quiz-checkManifestLockResult.txt",
			);
			runOnlyForDeploymentPostprocessing = 0;
			shellPath = /bin/sh;
			shellScript = "diff \"${PODS_PODFILE_DIR_PATH}/Podfile.lock\" \"${PODS_ROOT}/Manifest.lock\" > /dev/null\nif [ $? != 0 ] ; then\n    # print error to STDERR\n    echo \"error: The sandbox is not in sync with the Podfile.lock. Run 'pod install' or update your CocoaPods installation.\" >&2\n    exit 1\nfi\n# This output is used by Xcode 'outputs' to avoid re-running this script phase.\necho \"SUCCESS\" > \"${SCRIPT_OUTPUT_FILE_0}\"\n";
			showEnvVarsInLog = 0;
		};
		E0979F6A852B17CB0D03D744 /* [CP] Embed Pods Frameworks */ = {
			isa = PBXShellScriptBuildPhase;
			buildActionMask = 2147483647;
			files = (
			);
			inputFileListPaths = (
			);
			inputPaths = (
				"${SRCROOT}/Pods/Target Support Files/Pods-Quiz/Pods-Quiz-frameworks.sh",
				"${BUILT_PRODUCTS_DIR}/KRActivityIndicatorView/KRActivityIndicatorView.framework",
				"${BUILT_PRODUCTS_DIR}/KRProgressHUD/KRProgressHUD.framework",
			);
			name = "[CP] Embed Pods Frameworks";
			outputFileListPaths = (
			);
			outputPaths = (
				"${TARGET_BUILD_DIR}/${FRAMEWORKS_FOLDER_PATH}/KRActivityIndicatorView.framework",
				"${TARGET_BUILD_DIR}/${FRAMEWORKS_FOLDER_PATH}/KRProgressHUD.framework",
			);
			runOnlyForDeploymentPostprocessing = 0;
			shellPath = /bin/sh;
			shellScript = "\"${SRCROOT}/Pods/Target Support Files/Pods-Quiz/Pods-Quiz-frameworks.sh\"\n";
			showEnvVarsInLog = 0;
		};
/* End PBXShellScriptBuildPhase section */

/* Begin PBXSourcesBuildPhase section */
		D1029B732164262E00A85C77 /* Sources */ = {
			isa = PBXSourcesBuildPhase;
			buildActionMask = 2147483647;
			files = (
				D1029B9221642AE500A85C77 /* PyetjaDB.swift in Sources */,
				D1029B9021642A4500A85C77 /* Pyetja.swift in Sources */,
				D1029B7D2164262E00A85C77 /* ViewController.swift in Sources */,
				D1029B7B2164262E00A85C77 /* AppDelegate.swift in Sources */,
			);
			runOnlyForDeploymentPostprocessing = 0;
		};
/* End PBXSourcesBuildPhase section */

/* Begin PBXVariantGroup section */
		D1029B7E2164262E00A85C77 /* Main.storyboard */ = {
			isa = PBXVariantGroup;
			children = (
				D1029B7F2164262E00A85C77 /* Base */,
			);
			name = Main.storyboard;
			sourceTree = "<group>";
		};
		D1029B832164263F00A85C77 /* LaunchScreen.storyboard */ = {
			isa = PBXVariantGroup;
			children = (
				D1029B842164263F00A85C77 /* Base */,
			);
			name = LaunchScreen.storyboard;
			sourceTree = "<group>";
		};
/* End PBXVariantGroup section */

/* Begin XCBuildConfiguration section */
		D1029B872164263F00A85C77 /* Debug */ = {
			isa = XCBuildConfiguration;
			buildSettings = {
				ALWAYS_SEARCH_USER_PATHS = NO;
				CLANG_ANALYZER_NONNULL = YES;
				CLANG_ANALYZER_NUMBER_OBJECT_CONVERSION = YES_AGGRESSIVE;
				CLANG_CXX_LANGUAGE_STANDARD = "gnu++14";
				CLANG_CXX_LIBRARY = "libc++";
				CLANG_ENABLE_MODULES = YES;
				CLANG_ENABLE_OBJC_ARC = YES;
				CLANG_ENABLE_OBJC_WEAK = YES;
				CLANG_WARN_BLOCK_CAPTURE_AUTORELEASING = YES;
				CLANG_WARN_BOOL_CONVERSION = YES;
				CLANG_WARN_COMMA = YES;
				CLANG_WARN_CONSTANT_CONVERSION = YES;
				CLANG_WARN_DEPRECATED_OBJC_IMPLEMENTATIONS = YES;
				CLANG_WARN_DIRECT_OBJC_ISA_USAGE = YES_ERROR;
				CLANG_WARN_DOCUMENTATION_COMMENTS = YES;
				CLANG_WARN_EMPTY_BODY = YES;
				CLANG_WARN_ENUM_CONVERSION = YES;
				CLANG_WARN_INFINITE_RECURSION = YES;
				CLANG_WARN_INT_CONVERSION = YES;
				CLANG_WARN_NON_LITERAL_NULL_CONVERSION = YES;
				CLANG_WARN_OBJC_IMPLICIT_RETAIN_SELF = YES;
				CLANG_WARN_OBJC_LITERAL_CONVERSION = YES;
				CLANG_WARN_OBJC_ROOT_CLASS = YES_ERROR;
				CLANG_WARN_RANGE_LOOP_ANALYSIS = YES;
				CLANG_WARN_STRICT_PROTOTYPES = YES;
				CLANG_WARN_SUSPICIOUS_MOVE = YES;
				CLANG_WARN_UNGUARDED_AVAILABILITY = YES_AGGRESSIVE;
				CLANG_WARN_UNREACHABLE_CODE = YES;
				CLANG_WARN__DUPLICATE_METHOD_MATCH = YES;
				CODE_SIGN_IDENTITY = "iPhone Developer";
				COPY_PHASE_STRIP = NO;
				DEBUG_INFORMATION_FORMAT = dwarf;
				ENABLE_STRICT_OBJC_MSGSEND = YES;
				ENABLE_TESTABILITY = YES;
				GCC_C_LANGUAGE_STANDARD = gnu11;
				GCC_DYNAMIC_NO_PIC = NO;
				GCC_NO_COMMON_BLOCKS = YES;
				GCC_OPTIMIZATION_LEVEL = 0;
				GCC_PREPROCESSOR_DEFINITIONS = (
					"DEBUG=1",
					"$(inherited)",
				);
				GCC_WARN_64_TO_32_BIT_CONVERSION = YES;
				GCC_WARN_ABOUT_RETURN_TYPE = YES_ERROR;
				GCC_WARN_UNDECLARED_SELECTOR = YES;
				GCC_WARN_UNINITIALIZED_AUTOS = YES_AGGRESSIVE;
				GCC_WARN_UNUSED_FUNCTION = YES;
				GCC_WARN_UNUSED_VARIABLE = YES;
				IPHONEOS_DEPLOYMENT_TARGET = 12.0;
				MTL_ENABLE_DEBUG_INFO = INCLUDE_SOURCE;
				MTL_FAST_MATH = YES;
				ONLY_ACTIVE_ARCH = YES;
				SDKROOT = iphoneos;
				SWIFT_ACTIVE_COMPILATION_CONDITIONS = DEBUG;
				SWIFT_OPTIMIZATION_LEVEL = "-Onone";
			};
			name = Debug;
		};
		D1029B882164263F00A85C77 /* Release */ = {
			isa = XCBuildConfiguration;
			buildSettings = {
				ALWAYS_SEARCH_USER_PATHS = NO;
				CLANG_ANALYZER_NONNULL = YES;
				CLANG_ANALYZER_NUMBER_OBJECT_CONVERSION = YES_AGGRESSIVE;
				CLANG_CXX_LANGUAGE_STANDARD = "gnu++14";
				CLANG_CXX_LIBRARY = "libc++";
				CLANG_ENABLE_MODULES = YES;
				CLANG_ENABLE_OBJC_ARC = YES;
				CLANG_ENABLE_OBJC_WEAK = YES;
				CLANG_WARN_BLOCK_CAPTURE_AUTORELEASING = YES;
				CLANG_WARN_BOOL_CONVERSION = YES;
				CLANG_WARN_COMMA = YES;
				CLANG_WARN_CONSTANT_CONVERSION = YES;
				CLANG_WARN_DEPRECATED_OBJC_IMPLEMENTATIONS = YES;
				CLANG_WARN_DIRECT_OBJC_ISA_USAGE = YES_ERROR;
				CLANG_WARN_DOCUMENTATION_COMMENTS = YES;
				CLANG_WARN_EMPTY_BODY = YES;
				CLANG_WARN_ENUM_CONVERSION = YES;
				CLANG_WARN_INFINITE_RECURSION = YES;
				CLANG_WARN_INT_CONVERSION = YES;
				CLANG_WARN_NON_LITERAL_NULL_CONVERSION = YES;
				CLANG_WARN_OBJC_IMPLICIT_RETAIN_SELF = YES;
				CLANG_WARN_OBJC_LITERAL_CONVERSION = YES;
				CLANG_WARN_OBJC_ROOT_CLASS = YES_ERROR;
				CLANG_WARN_RANGE_LOOP_ANALYSIS = YES;
				CLANG_WARN_STRICT_PROTOTYPES = YES;
				CLANG_WARN_SUSPICIOUS_MOVE = YES;
				CLANG_WARN_UNGUARDED_AVAILABILITY = YES_AGGRESSIVE;
				CLANG_WARN_UNREACHABLE_CODE = YES;
				CLANG_WARN__DUPLICATE_METHOD_MATCH = YES;
				CODE_SIGN_IDENTITY = "iPhone Developer";
				COPY_PHASE_STRIP = NO;
				DEBUG_INFORMATION_FORMAT = "dwarf-with-dsym";
				ENABLE_NS_ASSERTIONS = NO;
				ENABLE_STRICT_OBJC_MSGSEND = YES;
				GCC_C_LANGUAGE_STANDARD = gnu11;
				GCC_NO_COMMON_BLOCKS = YES;
				GCC_WARN_64_TO_32_BIT_CONVERSION = YES;
				GCC_WARN_ABOUT_RETURN_TYPE = YES_ERROR;
				GCC_WARN_UNDECLARED_SELECTOR = YES;
				GCC_WARN_UNINITIALIZED_AUTOS = YES_AGGRESSIVE;
				GCC_WARN_UNUSED_FUNCTION = YES;
				GCC_WARN_UNUSED_VARIABLE = YES;
				IPHONEOS_DEPLOYMENT_TARGET = 12.0;
				MTL_ENABLE_DEBUG_INFO = NO;
				MTL_FAST_MATH = YES;
				SDKROOT = iphoneos;
				SWIFT_COMPILATION_MODE = wholemodule;
				SWIFT_OPTIMIZATION_LEVEL = "-O";
				VALIDATE_PRODUCT = YES;
			};
			name = Release;
		};
		D1029B8A2164263F00A85C77 /* Debug */ = {
			isa = XCBuildConfiguration;
			baseConfigurationReference = E516F8BCC6DB0FF20230F0C3 /* Pods-Quiz.debug.xcconfig */;
			buildSettings = {
				ASSETCATALOG_COMPILER_APPICON_NAME = AppIcon;
				CODE_SIGN_STYLE = Automatic;
				INFOPLIST_FILE = Quiz/Info.plist;
				LD_RUNPATH_SEARCH_PATHS = (
					"$(inherited)",
					"@executable_path/Frameworks",
				);
				PRODUCT_BUNDLE_IDENTIFIER = tol.Quiz;
				PRODUCT_NAME = "$(TARGET_NAME)";
				SWIFT_VERSION = 4.2;
				TARGETED_DEVICE_FAMILY = "1,2";
			};
			name = Debug;
		};
		D1029B8B2164263F00A85C77 /* Release */ = {
			isa = XCBuildConfiguration;
			baseConfigurationReference = 833DDA339632267F50DE35E1 /* Pods-Quiz.release.xcconfig */;
			buildSettings = {
				ASSETCATALOG_COMPILER_APPICON_NAME = AppIcon;
				CODE_SIGN_STYLE = Automatic;
				INFOPLIST_FILE = Quiz/Info.plist;
				LD_RUNPATH_SEARCH_PATHS = (
					"$(inherited)",
					"@executable_path/Frameworks",
				);
				PRODUCT_BUNDLE_IDENTIFIER = tol.Quiz;
				PRODUCT_NAME = "$(TARGET_NAME)";
				SWIFT_VERSION = 4.2;
				TARGETED_DEVICE_FAMILY = "1,2";
			};
			name = Release;
		};
/* End XCBuildConfiguration section */

/* Begin XCConfigurationList section */
		D1029B722164262D00A85C77 /* Build configuration list for PBXProject "Quiz" */ = {
			isa = XCConfigurationList;
			buildConfigurations = (
				D1029B872164263F00A85C77 /* Debug */,
				D1029B882164263F00A85C77 /* Release */,
			);
			defaultConfigurationIsVisible = 0;
			defaultConfigurationName = Release;
		};
		D1029B892164263F00A85C77 /* Build configuration list for PBXNativeTarget "Quiz" */ = {
			isa = XCConfigurationList;
			buildConfigurations = (
				D1029B8A2164263F00A85C77 /* Debug */,
				D1029B8B2164263F00A85C77 /* Release */,
			);
			defaultConfigurationIsVisible = 0;
			defaultConfigurationName = Release;
		};
/* End XCConfigurationList section */
	};
	rootObject = D1029B6F2164262D00A85C77 /* Project object */;
}
